
Microsoft Visual Studio Solution File, Format Version 12.00
# Visual Studio Version 16
VisualStudioVersion = 16.0.28711.60
MinimumVisualStudioVersion = 10.0.40219.1
Project("{9A19103F-16F7-4668-BE54-9A1E7A4F7556}") = "BlazorMobileAuth.Common", "BlazorMobileAuth.Common\BlazorMobileAuth.Common.csproj", "{3B2A4994-5AB5-48B2-AE9A-4C1C131DCE28}"
EndProject
Project("{9A19103F-16F7-4668-BE54-9A1E7A4F7556}") = "BlazorMobileAuth.Blazor", "BlazorMobileAuth.Blazor\BlazorMobileAuth.Blazor.csproj", "{1F77D449-357E-4C73-9526-C7BED1746150}"
EndProject
Project("{9A19103F-16F7-4668-BE54-9A1E7A4F7556}") = "BlazorMobileAuth", "BlazorMobileAuth\BlazorMobileAuth.csproj", "{4CD9FC14-D85A-4A11-9F94-983551DD54D2}"
	ProjectSection(ProjectDependencies) = postProject
		{1F77D449-357E-4C73-9526-C7BED1746150} = {1F77D449-357E-4C73-9526-C7BED1746150}
	EndProjectSection
EndProject
Project("{FAE04EC0-301F-11D3-BF4B-00C04F79EFBC}") = "BlazorMobileAuth.Android", "BlazorMobileAuth.Android\BlazorMobileAuth.Android.csproj", "{2ED6507F-5A74-44F2-95A6-1A123B518943}"
EndProject
Project("{FAE04EC0-301F-11D3-BF4B-00C04F79EFBC}") = "BlazorMobileAuth.iOS", "BlazorMobileAuth.iOS\BlazorMobileAuth.iOS.csproj", "{F9865010-F4E3-4448-B7D7-9CFADF109C9E}"
EndProject
Project("{9A19103F-16F7-4668-BE54-9A1E7A4F7556}") = "BlazorMobileAuth.Blazor.Server", "BlazorMobileAuth.Blazor.Server\BlazorMobileAuth.Blazor.Server.csproj", "{DE2C5A29-C5F2-4D17-A5CF-C507F63C4992}"
EndProject
Project("{FAE04EC0-301F-11D3-BF4B-00C04F79EFBC}") = "BlazorMobileAuth.UWP", "BlazorMobileAuth.UWP\BlazorMobileAuth.UWP.csproj", "{A233C8B3-6AC8-4823-8839-3374721DB431}"
EndProject
Project("{9A19103F-16F7-4668-BE54-9A1E7A4F7556}") = "BlazorMobileAuth.Desktop", "BlazorMobileAuth.Desktop\BlazorMobileAuth.Desktop.csproj", "{50993EA3-D95F-40B6-BBCB-B1802CE350DB}"
EndProject
Project("{9A19103F-16F7-4668-BE54-9A1E7A4F7556}") = "BlazorMobileAuth.AppPackage", "BlazorMobileAuth.AppPackage\BlazorMobileAuth.AppPackage.csproj", "{2DDF718F-7ABC-4520-9D52-01CB1D77F5A8}"
	ProjectSection(ProjectDependencies) = postProject
		{1F77D449-357E-4C73-9526-C7BED1746150} = {1F77D449-357E-4C73-9526-C7BED1746150}
	EndProjectSection
EndProject
Project("{2150E333-8FDC-42A3-9474-1A3956D46DE8}") = "AuthExample", "AuthExample", "{8D735BCB-7139-4689-B57D-00C7280C3D2B}"
	ProjectSection(SolutionItems) = preProject
		Notes.txt = Notes.txt
	EndProjectSection
EndProject
Project("{9A19103F-16F7-4668-BE54-9A1E7A4F7556}") = "WebApi", "aspnet-core-3-jwt-authentication-api\WebApi.csproj", "{01DA2B34-F533-47FA-B36E-352E4D8168EB}"
EndProject
Project("{9A19103F-16F7-4668-BE54-9A1E7A4F7556}") = "BlazorApp", "blazor-webassembly-jwt-authentication-example\BlazorApp.csproj", "{3037C300-6AE2-4978-86E7-C2333CDC26DE}"
EndProject
Global
	GlobalSection(SolutionConfigurationPlatforms) = preSolution
		Ad-Hoc|Any CPU = Ad-Hoc|Any CPU
		Ad-Hoc|ARM = Ad-Hoc|ARM
		Ad-Hoc|iPhone = Ad-Hoc|iPhone
		Ad-Hoc|iPhoneSimulator = Ad-Hoc|iPhoneSimulator
		Ad-Hoc|x64 = Ad-Hoc|x64
		Ad-Hoc|x86 = Ad-Hoc|x86
		AppStore|Any CPU = AppStore|Any CPU
		AppStore|ARM = AppStore|ARM
		AppStore|iPhone = AppStore|iPhone
		AppStore|iPhoneSimulator = AppStore|iPhoneSimulator
		AppStore|x64 = AppStore|x64
		AppStore|x86 = AppStore|x86
		Debug|Any CPU = Debug|Any CPU
		Debug|ARM = Debug|ARM
		Debug|iPhone = Debug|iPhone
		Debug|iPhoneSimulator = Debug|iPhoneSimulator
		Debug|x64 = Debug|x64
		Debug|x86 = Debug|x86
		Release|Any CPU = Release|Any CPU
		Release|ARM = Release|ARM
		Release|iPhone = Release|iPhone
		Release|iPhoneSimulator = Release|iPhoneSimulator
		Release|x64 = Release|x64
		Release|x86 = Release|x86
	EndGlobalSection
	GlobalSection(ProjectConfigurationPlatforms) = postSolution
		{3B2A4994-5AB5-48B2-AE9A-4C1C131DCE28}.Ad-Hoc|Any CPU.ActiveCfg = Debug|Any CPU
		{3B2A4994-5AB5-48B2-AE9A-4C1C131DCE28}.Ad-Hoc|Any CPU.Build.0 = Debug|Any CPU
		{3B2A4994-5AB5-48B2-AE9A-4C1C131DCE28}.Ad-Hoc|ARM.ActiveCfg = Release|Any CPU
		{3B2A4994-5AB5-48B2-AE9A-4C1C131DCE28}.Ad-Hoc|ARM.Build.0 = Release|Any CPU
		{3B2A4994-5AB5-48B2-AE9A-4C1C131DCE28}.Ad-Hoc|iPhone.ActiveCfg = Debug|Any CPU
		{3B2A4994-5AB5-48B2-AE9A-4C1C131DCE28}.Ad-Hoc|iPhone.Build.0 = Debug|Any CPU
		{3B2A4994-5AB5-48B2-AE9A-4C1C131DCE28}.Ad-Hoc|iPhoneSimulator.ActiveCfg = Debug|Any CPU
		{3B2A4994-5AB5-48B2-AE9A-4C1C131DCE28}.Ad-Hoc|iPhoneSimulator.Build.0 = Debug|Any CPU
		{3B2A4994-5AB5-48B2-AE9A-4C1C131DCE28}.Ad-Hoc|x64.ActiveCfg = Release|Any CPU
		{3B2A4994-5AB5-48B2-AE9A-4C1C131DCE28}.Ad-Hoc|x64.Build.0 = Release|Any CPU
		{3B2A4994-5AB5-48B2-AE9A-4C1C131DCE28}.Ad-Hoc|x86.ActiveCfg = Release|Any CPU
		{3B2A4994-5AB5-48B2-AE9A-4C1C131DCE28}.Ad-Hoc|x86.Build.0 = Release|Any CPU
		{3B2A4994-5AB5-48B2-AE9A-4C1C131DCE28}.AppStore|Any CPU.ActiveCfg = Debug|Any CPU
		{3B2A4994-5AB5-48B2-AE9A-4C1C131DCE28}.AppStore|Any CPU.Build.0 = Debug|Any CPU
		{3B2A4994-5AB5-48B2-AE9A-4C1C131DCE28}.AppStore|ARM.ActiveCfg = Release|Any CPU
		{3B2A4994-5AB5-48B2-AE9A-4C1C131DCE28}.AppStore|ARM.Build.0 = Release|Any CPU
		{3B2A4994-5AB5-48B2-AE9A-4C1C131DCE28}.AppStore|iPhone.ActiveCfg = Debug|Any CPU
		{3B2A4994-5AB5-48B2-AE9A-4C1C131DCE28}.AppStore|iPhone.Build.0 = Debug|Any CPU
		{3B2A4994-5AB5-48B2-AE9A-4C1C131DCE28}.AppStore|iPhoneSimulator.ActiveCfg = Debug|Any CPU
		{3B2A4994-5AB5-48B2-AE9A-4C1C131DCE28}.AppStore|iPhoneSimulator.Build.0 = Debug|Any CPU
		{3B2A4994-5AB5-48B2-AE9A-4C1C131DCE28}.AppStore|x64.ActiveCfg = Release|Any CPU
		{3B2A4994-5AB5-48B2-AE9A-4C1C131DCE28}.AppStore|x64.Build.0 = Release|Any CPU
		{3B2A4994-5AB5-48B2-AE9A-4C1C131DCE28}.AppStore|x86.ActiveCfg = Release|Any CPU
		{3B2A4994-5AB5-48B2-AE9A-4C1C131DCE28}.AppStore|x86.Build.0 = Release|Any CPU
		{3B2A4994-5AB5-48B2-AE9A-4C1C131DCE28}.Debug|Any CPU.ActiveCfg = Debug|Any CPU
		{3B2A4994-5AB5-48B2-AE9A-4C1C131DCE28}.Debug|Any CPU.Build.0 = Debug|Any CPU
		{3B2A4994-5AB5-48B2-AE9A-4C1C131DCE28}.Debug|ARM.ActiveCfg = Debug|Any CPU
		{3B2A4994-5AB5-48B2-AE9A-4C1C131DCE28}.Debug|ARM.Build.0 = Debug|Any CPU
		{3B2A4994-5AB5-48B2-AE9A-4C1C131DCE28}.Debug|iPhone.ActiveCfg = Debug|Any CPU
		{3B2A4994-5AB5-48B2-AE9A-4C1C131DCE28}.Debug|iPhone.Build.0 = Debug|Any CPU
		{3B2A4994-5AB5-48B2-AE9A-4C1C131DCE28}.Debug|iPhoneSimulator.ActiveCfg = Debug|Any CPU
		{3B2A4994-5AB5-48B2-AE9A-4C1C131DCE28}.Debug|iPhoneSimulator.Build.0 = Debug|Any CPU
		{3B2A4994-5AB5-48B2-AE9A-4C1C131DCE28}.Debug|x64.ActiveCfg = Debug|Any CPU
		{3B2A4994-5AB5-48B2-AE9A-4C1C131DCE28}.Debug|x64.Build.0 = Debug|Any CPU
		{3B2A4994-5AB5-48B2-AE9A-4C1C131DCE28}.Debug|x86.ActiveCfg = Debug|Any CPU
		{3B2A4994-5AB5-48B2-AE9A-4C1C131DCE28}.Debug|x86.Build.0 = Debug|Any CPU
		{3B2A4994-5AB5-48B2-AE9A-4C1C131DCE28}.Release|Any CPU.ActiveCfg = Release|Any CPU
		{3B2A4994-5AB5-48B2-AE9A-4C1C131DCE28}.Release|Any CPU.Build.0 = Release|Any CPU
		{3B2A4994-5AB5-48B2-AE9A-4C1C131DCE28}.Release|ARM.ActiveCfg = Release|Any CPU
		{3B2A4994-5AB5-48B2-AE9A-4C1C131DCE28}.Release|ARM.Build.0 = Release|Any CPU
		{3B2A4994-5AB5-48B2-AE9A-4C1C131DCE28}.Release|iPhone.ActiveCfg = Release|Any CPU
		{3B2A4994-5AB5-48B2-AE9A-4C1C131DCE28}.Release|iPhone.Build.0 = Release|Any CPU
		{3B2A4994-5AB5-48B2-AE9A-4C1C131DCE28}.Release|iPhoneSimulator.ActiveCfg = Release|Any CPU
		{3B2A4994-5AB5-48B2-AE9A-4C1C131DCE28}.Release|iPhoneSimulator.Build.0 = Release|Any CPU
		{3B2A4994-5AB5-48B2-AE9A-4C1C131DCE28}.Release|x64.ActiveCfg = Release|Any CPU
		{3B2A4994-5AB5-48B2-AE9A-4C1C131DCE28}.Release|x64.Build.0 = Release|Any CPU
		{3B2A4994-5AB5-48B2-AE9A-4C1C131DCE28}.Release|x86.ActiveCfg = Release|Any CPU
		{3B2A4994-5AB5-48B2-AE9A-4C1C131DCE28}.Release|x86.Build.0 = Release|Any CPU
		{1F77D449-357E-4C73-9526-C7BED1746150}.Ad-Hoc|Any CPU.ActiveCfg = Debug|Any CPU
		{1F77D449-357E-4C73-9526-C7BED1746150}.Ad-Hoc|Any CPU.Build.0 = Debug|Any CPU
		{1F77D449-357E-4C73-9526-C7BED1746150}.Ad-Hoc|ARM.ActiveCfg = Release|Any CPU
		{1F77D449-357E-4C73-9526-C7BED1746150}.Ad-Hoc|ARM.Build.0 = Release|Any CPU
		{1F77D449-357E-4C73-9526-C7BED1746150}.Ad-Hoc|iPhone.ActiveCfg = Debug|Any CPU
		{1F77D449-357E-4C73-9526-C7BED1746150}.Ad-Hoc|iPhone.Build.0 = Debug|Any CPU
		{1F77D449-357E-4C73-9526-C7BED1746150}.Ad-Hoc|iPhoneSimulator.ActiveCfg = Debug|Any CPU
		{1F77D449-357E-4C73-9526-C7BED1746150}.Ad-Hoc|iPhoneSimulator.Build.0 = Debug|Any CPU
		{1F77D449-357E-4C73-9526-C7BED1746150}.Ad-Hoc|x64.ActiveCfg = Release|Any CPU
		{1F77D449-357E-4C73-9526-C7BED1746150}.Ad-Hoc|x64.Build.0 = Release|Any CPU
		{1F77D449-357E-4C73-9526-C7BED1746150}.Ad-Hoc|x86.ActiveCfg = Release|Any CPU
		{1F77D449-357E-4C73-9526-C7BED1746150}.Ad-Hoc|x86.Build.0 = Release|Any CPU
		{1F77D449-357E-4C73-9526-C7BED1746150}.AppStore|Any CPU.ActiveCfg = Debug|Any CPU
		{1F77D449-357E-4C73-9526-C7BED1746150}.AppStore|Any CPU.Build.0 = Debug|Any CPU
		{1F77D449-357E-4C73-9526-C7BED1746150}.AppStore|ARM.ActiveCfg = Release|Any CPU
		{1F77D449-357E-4C73-9526-C7BED1746150}.AppStore|ARM.Build.0 = Release|Any CPU
		{1F77D449-357E-4C73-9526-C7BED1746150}.AppStore|iPhone.ActiveCfg = Debug|Any CPU
		{1F77D449-357E-4C73-9526-C7BED1746150}.AppStore|iPhone.Build.0 = Debug|Any CPU
		{1F77D449-357E-4C73-9526-C7BED1746150}.AppStore|iPhoneSimulator.ActiveCfg = Debug|Any CPU
		{1F77D449-357E-4C73-9526-C7BED1746150}.AppStore|iPhoneSimulator.Build.0 = Debug|Any CPU
		{1F77D449-357E-4C73-9526-C7BED1746150}.AppStore|x64.ActiveCfg = Release|Any CPU
		{1F77D449-357E-4C73-9526-C7BED1746150}.AppStore|x64.Build.0 = Release|Any CPU
		{1F77D449-357E-4C73-9526-C7BED1746150}.AppStore|x86.ActiveCfg = Release|Any CPU
		{1F77D449-357E-4C73-9526-C7BED1746150}.AppStore|x86.Build.0 = Release|Any CPU
		{1F77D449-357E-4C73-9526-C7BED1746150}.Debug|Any CPU.ActiveCfg = Debug|Any CPU
		{1F77D449-357E-4C73-9526-C7BED1746150}.Debug|Any CPU.Build.0 = Debug|Any CPU
		{1F77D449-357E-4C73-9526-C7BED1746150}.Debug|ARM.ActiveCfg = Debug|Any CPU
		{1F77D449-357E-4C73-9526-C7BED1746150}.Debug|ARM.Build.0 = Debug|Any CPU
		{1F77D449-357E-4C73-9526-C7BED1746150}.Debug|iPhone.ActiveCfg = Debug|Any CPU
		{1F77D449-357E-4C73-9526-C7BED1746150}.Debug|iPhone.Build.0 = Debug|Any CPU
		{1F77D449-357E-4C73-9526-C7BED1746150}.Debug|iPhoneSimulator.ActiveCfg = Debug|Any CPU
		{1F77D449-357E-4C73-9526-C7BED1746150}.Debug|iPhoneSimulator.Build.0 = Debug|Any CPU
		{1F77D449-357E-4C73-9526-C7BED1746150}.Debug|x64.ActiveCfg = Debug|Any CPU
		{1F77D449-357E-4C73-9526-C7BED1746150}.Debug|x64.Build.0 = Debug|Any CPU
		{1F77D449-357E-4C73-9526-C7BED1746150}.Debug|x86.ActiveCfg = Debug|Any CPU
		{1F77D449-357E-4C73-9526-C7BED1746150}.Debug|x86.Build.0 = Debug|Any CPU
		{1F77D449-357E-4C73-9526-C7BED1746150}.Release|Any CPU.ActiveCfg = Release|Any CPU
		{1F77D449-357E-4C73-9526-C7BED1746150}.Release|Any CPU.Build.0 = Release|Any CPU
		{1F77D449-357E-4C73-9526-C7BED1746150}.Release|ARM.ActiveCfg = Release|Any CPU
		{1F77D449-357E-4C73-9526-C7BED1746150}.Release|ARM.Build.0 = Release|Any CPU
		{1F77D449-357E-4C73-9526-C7BED1746150}.Release|iPhone.ActiveCfg = Release|Any CPU
		{1F77D449-357E-4C73-9526-C7BED1746150}.Release|iPhone.Build.0 = Release|Any CPU
		{1F77D449-357E-4C73-9526-C7BED1746150}.Release|iPhoneSimulator.ActiveCfg = Release|Any CPU
		{1F77D449-357E-4C73-9526-C7BED1746150}.Release|iPhoneSimulator.Build.0 = Release|Any CPU
		{1F77D449-357E-4C73-9526-C7BED1746150}.Release|x64.ActiveCfg = Release|Any CPU
		{1F77D449-357E-4C73-9526-C7BED1746150}.Release|x64.Build.0 = Release|Any CPU
		{1F77D449-357E-4C73-9526-C7BED1746150}.Release|x86.ActiveCfg = Release|Any CPU
		{1F77D449-357E-4C73-9526-C7BED1746150}.Release|x86.Build.0 = Release|Any CPU
		{4CD9FC14-D85A-4A11-9F94-983551DD54D2}.Ad-Hoc|Any CPU.ActiveCfg = Debug|Any CPU
		{4CD9FC14-D85A-4A11-9F94-983551DD54D2}.Ad-Hoc|Any CPU.Build.0 = Debug|Any CPU
		{4CD9FC14-D85A-4A11-9F94-983551DD54D2}.Ad-Hoc|ARM.ActiveCfg = Release|Any CPU
		{4CD9FC14-D85A-4A11-9F94-983551DD54D2}.Ad-Hoc|ARM.Build.0 = Release|Any CPU
		{4CD9FC14-D85A-4A11-9F94-983551DD54D2}.Ad-Hoc|iPhone.ActiveCfg = Debug|Any CPU
		{4CD9FC14-D85A-4A11-9F94-983551DD54D2}.Ad-Hoc|iPhone.Build.0 = Debug|Any CPU
		{4CD9FC14-D85A-4A11-9F94-983551DD54D2}.Ad-Hoc|iPhoneSimulator.ActiveCfg = Debug|Any CPU
		{4CD9FC14-D85A-4A11-9F94-983551DD54D2}.Ad-Hoc|iPhoneSimulator.Build.0 = Debug|Any CPU
		{4CD9FC14-D85A-4A11-9F94-983551DD54D2}.Ad-Hoc|x64.ActiveCfg = Release|Any CPU
		{4CD9FC14-D85A-4A11-9F94-983551DD54D2}.Ad-Hoc|x64.Build.0 = Release|Any CPU
		{4CD9FC14-D85A-4A11-9F94-983551DD54D2}.Ad-Hoc|x86.ActiveCfg = Release|Any CPU
		{4CD9FC14-D85A-4A11-9F94-983551DD54D2}.Ad-Hoc|x86.Build.0 = Release|Any CPU
		{4CD9FC14-D85A-4A11-9F94-983551DD54D2}.AppStore|Any CPU.ActiveCfg = Debug|Any CPU
		{4CD9FC14-D85A-4A11-9F94-983551DD54D2}.AppStore|Any CPU.Build.0 = Debug|Any CPU
		{4CD9FC14-D85A-4A11-9F94-983551DD54D2}.AppStore|ARM.ActiveCfg = Release|Any CPU
		{4CD9FC14-D85A-4A11-9F94-983551DD54D2}.AppStore|ARM.Build.0 = Release|Any CPU
		{4CD9FC14-D85A-4A11-9F94-983551DD54D2}.AppStore|iPhone.ActiveCfg = Debug|Any CPU
		{4CD9FC14-D85A-4A11-9F94-983551DD54D2}.AppStore|iPhone.Build.0 = Debug|Any CPU
		{4CD9FC14-D85A-4A11-9F94-983551DD54D2}.AppStore|iPhoneSimulator.ActiveCfg = Debug|Any CPU
		{4CD9FC14-D85A-4A11-9F94-983551DD54D2}.AppStore|iPhoneSimulator.Build.0 = Debug|Any CPU
		{4CD9FC14-D85A-4A11-9F94-983551DD54D2}.AppStore|x64.ActiveCfg = Release|Any CPU
		{4CD9FC14-D85A-4A11-9F94-983551DD54D2}.AppStore|x64.Build.0 = Release|Any CPU
		{4CD9FC14-D85A-4A11-9F94-983551DD54D2}.AppStore|x86.ActiveCfg = Release|Any CPU
		{4CD9FC14-D85A-4A11-9F94-983551DD54D2}.AppStore|x86.Build.0 = Release|Any CPU
		{4CD9FC14-D85A-4A11-9F94-983551DD54D2}.Debug|Any CPU.ActiveCfg = Debug|Any CPU
		{4CD9FC14-D85A-4A11-9F94-983551DD54D2}.Debug|Any CPU.Build.0 = Debug|Any CPU
		{4CD9FC14-D85A-4A11-9F94-983551DD54D2}.Debug|ARM.ActiveCfg = Debug|Any CPU
		{4CD9FC14-D85A-4A11-9F94-983551DD54D2}.Debug|ARM.Build.0 = Debug|Any CPU
		{4CD9FC14-D85A-4A11-9F94-983551DD54D2}.Debug|iPhone.ActiveCfg = Debug|Any CPU
		{4CD9FC14-D85A-4A11-9F94-983551DD54D2}.Debug|iPhone.Build.0 = Debug|Any CPU
		{4CD9FC14-D85A-4A11-9F94-983551DD54D2}.Debug|iPhoneSimulator.ActiveCfg = Debug|Any CPU
		{4CD9FC14-D85A-4A11-9F94-983551DD54D2}.Debug|iPhoneSimulator.Build.0 = Debug|Any CPU
		{4CD9FC14-D85A-4A11-9F94-983551DD54D2}.Debug|x64.ActiveCfg = Debug|Any CPU
		{4CD9FC14-D85A-4A11-9F94-983551DD54D2}.Debug|x64.Build.0 = Debug|Any CPU
		{4CD9FC14-D85A-4A11-9F94-983551DD54D2}.Debug|x86.ActiveCfg = Debug|Any CPU
		{4CD9FC14-D85A-4A11-9F94-983551DD54D2}.Debug|x86.Build.0 = Debug|Any CPU
		{4CD9FC14-D85A-4A11-9F94-983551DD54D2}.Release|Any CPU.ActiveCfg = Release|Any CPU
		{4CD9FC14-D85A-4A11-9F94-983551DD54D2}.Release|Any CPU.Build.0 = Release|Any CPU
		{4CD9FC14-D85A-4A11-9F94-983551DD54D2}.Release|ARM.ActiveCfg = Release|Any CPU
		{4CD9FC14-D85A-4A11-9F94-983551DD54D2}.Release|ARM.Build.0 = Release|Any CPU
		{4CD9FC14-D85A-4A11-9F94-983551DD54D2}.Release|iPhone.ActiveCfg = Release|Any CPU
		{4CD9FC14-D85A-4A11-9F94-983551DD54D2}.Release|iPhone.Build.0 = Release|Any CPU
		{4CD9FC14-D85A-4A11-9F94-983551DD54D2}.Release|iPhoneSimulator.ActiveCfg = Release|Any CPU
		{4CD9FC14-D85A-4A11-9F94-983551DD54D2}.Release|iPhoneSimulator.Build.0 = Release|Any CPU
		{4CD9FC14-D85A-4A11-9F94-983551DD54D2}.Release|x64.ActiveCfg = Release|Any CPU
		{4CD9FC14-D85A-4A11-9F94-983551DD54D2}.Release|x64.Build.0 = Release|Any CPU
		{4CD9FC14-D85A-4A11-9F94-983551DD54D2}.Release|x86.ActiveCfg = Release|Any CPU
		{4CD9FC14-D85A-4A11-9F94-983551DD54D2}.Release|x86.Build.0 = Release|Any CPU
		{2ED6507F-5A74-44F2-95A6-1A123B518943}.Ad-Hoc|Any CPU.ActiveCfg = Release|Any CPU
		{2ED6507F-5A74-44F2-95A6-1A123B518943}.Ad-Hoc|Any CPU.Build.0 = Release|Any CPU
		{2ED6507F-5A74-44F2-95A6-1A123B518943}.Ad-Hoc|Any CPU.Deploy.0 = Release|Any CPU
		{2ED6507F-5A74-44F2-95A6-1A123B518943}.Ad-Hoc|ARM.ActiveCfg = Debug|Any CPU
		{2ED6507F-5A74-44F2-95A6-1A123B518943}.Ad-Hoc|ARM.Build.0 = Debug|Any CPU
		{2ED6507F-5A74-44F2-95A6-1A123B518943}.Ad-Hoc|ARM.Deploy.0 = Debug|Any CPU
		{2ED6507F-5A74-44F2-95A6-1A123B518943}.Ad-Hoc|iPhone.ActiveCfg = Release|Any CPU
		{2ED6507F-5A74-44F2-95A6-1A123B518943}.Ad-Hoc|iPhone.Build.0 = Release|Any CPU
		{2ED6507F-5A74-44F2-95A6-1A123B518943}.Ad-Hoc|iPhone.Deploy.0 = Release|Any CPU
		{2ED6507F-5A74-44F2-95A6-1A123B518943}.Ad-Hoc|iPhoneSimulator.ActiveCfg = Release|Any CPU
		{2ED6507F-5A74-44F2-95A6-1A123B518943}.Ad-Hoc|iPhoneSimulator.Build.0 = Release|Any CPU
		{2ED6507F-5A74-44F2-95A6-1A123B518943}.Ad-Hoc|iPhoneSimulator.Deploy.0 = Release|Any CPU
		{2ED6507F-5A74-44F2-95A6-1A123B518943}.Ad-Hoc|x64.ActiveCfg = Debug|Any CPU
		{2ED6507F-5A74-44F2-95A6-1A123B518943}.Ad-Hoc|x64.Build.0 = Debug|Any CPU
		{2ED6507F-5A74-44F2-95A6-1A123B518943}.Ad-Hoc|x64.Deploy.0 = Debug|Any CPU
		{2ED6507F-5A74-44F2-95A6-1A123B518943}.Ad-Hoc|x86.ActiveCfg = Debug|Any CPU
		{2ED6507F-5A74-44F2-95A6-1A123B518943}.Ad-Hoc|x86.Build.0 = Debug|Any CPU
		{2ED6507F-5A74-44F2-95A6-1A123B518943}.Ad-Hoc|x86.Deploy.0 = Debug|Any CPU
		{2ED6507F-5A74-44F2-95A6-1A123B518943}.AppStore|Any CPU.ActiveCfg = Release|Any CPU
		{2ED6507F-5A74-44F2-95A6-1A123B518943}.AppStore|Any CPU.Build.0 = Release|Any CPU
		{2ED6507F-5A74-44F2-95A6-1A123B518943}.AppStore|Any CPU.Deploy.0 = Release|Any CPU
		{2ED6507F-5A74-44F2-95A6-1A123B518943}.AppStore|ARM.ActiveCfg = Debug|Any CPU
		{2ED6507F-5A74-44F2-95A6-1A123B518943}.AppStore|ARM.Build.0 = Debug|Any CPU
		{2ED6507F-5A74-44F2-95A6-1A123B518943}.AppStore|ARM.Deploy.0 = Debug|Any CPU
		{2ED6507F-5A74-44F2-95A6-1A123B518943}.AppStore|iPhone.ActiveCfg = Release|Any CPU
		{2ED6507F-5A74-44F2-95A6-1A123B518943}.AppStore|iPhone.Build.0 = Release|Any CPU
		{2ED6507F-5A74-44F2-95A6-1A123B518943}.AppStore|iPhone.Deploy.0 = Release|Any CPU
		{2ED6507F-5A74-44F2-95A6-1A123B518943}.AppStore|iPhoneSimulator.ActiveCfg = Release|Any CPU
		{2ED6507F-5A74-44F2-95A6-1A123B518943}.AppStore|iPhoneSimulator.Build.0 = Release|Any CPU
		{2ED6507F-5A74-44F2-95A6-1A123B518943}.AppStore|iPhoneSimulator.Deploy.0 = Release|Any CPU
		{2ED6507F-5A74-44F2-95A6-1A123B518943}.AppStore|x64.ActiveCfg = Debug|Any CPU
		{2ED6507F-5A74-44F2-95A6-1A123B518943}.AppStore|x64.Build.0 = Debug|Any CPU
		{2ED6507F-5A74-44F2-95A6-1A123B518943}.AppStore|x64.Deploy.0 = Debug|Any CPU
		{2ED6507F-5A74-44F2-95A6-1A123B518943}.AppStore|x86.ActiveCfg = Debug|Any CPU
		{2ED6507F-5A74-44F2-95A6-1A123B518943}.AppStore|x86.Build.0 = Debug|Any CPU
		{2ED6507F-5A74-44F2-95A6-1A123B518943}.AppStore|x86.Deploy.0 = Debug|Any CPU
		{2ED6507F-5A74-44F2-95A6-1A123B518943}.Debug|Any CPU.ActiveCfg = Debug|Any CPU
		{2ED6507F-5A74-44F2-95A6-1A123B518943}.Debug|Any CPU.Build.0 = Debug|Any CPU
		{2ED6507F-5A74-44F2-95A6-1A123B518943}.Debug|Any CPU.Deploy.0 = Debug|Any CPU
		{2ED6507F-5A74-44F2-95A6-1A123B518943}.Debug|ARM.ActiveCfg = Debug|Any CPU
		{2ED6507F-5A74-44F2-95A6-1A123B518943}.Debug|ARM.Build.0 = Debug|Any CPU
		{2ED6507F-5A74-44F2-95A6-1A123B518943}.Debug|ARM.Deploy.0 = Debug|Any CPU
		{2ED6507F-5A74-44F2-95A6-1A123B518943}.Debug|iPhone.ActiveCfg = Debug|Any CPU
		{2ED6507F-5A74-44F2-95A6-1A123B518943}.Debug|iPhone.Build.0 = Debug|Any CPU
		{2ED6507F-5A74-44F2-95A6-1A123B518943}.Debug|iPhone.Deploy.0 = Debug|Any CPU
		{2ED6507F-5A74-44F2-95A6-1A123B518943}.Debug|iPhoneSimulator.ActiveCfg = Debug|Any CPU
		{2ED6507F-5A74-44F2-95A6-1A123B518943}.Debug|iPhoneSimulator.Build.0 = Debug|Any CPU
		{2ED6507F-5A74-44F2-95A6-1A123B518943}.Debug|iPhoneSimulator.Deploy.0 = Debug|Any CPU
		{2ED6507F-5A74-44F2-95A6-1A123B518943}.Debug|x64.ActiveCfg = Debug|Any CPU
		{2ED6507F-5A74-44F2-95A6-1A123B518943}.Debug|x64.Build.0 = Debug|Any CPU
		{2ED6507F-5A74-44F2-95A6-1A123B518943}.Debug|x64.Deploy.0 = Debug|Any CPU
		{2ED6507F-5A74-44F2-95A6-1A123B518943}.Debug|x86.ActiveCfg = Debug|Any CPU
		{2ED6507F-5A74-44F2-95A6-1A123B518943}.Debug|x86.Build.0 = Debug|Any CPU
		{2ED6507F-5A74-44F2-95A6-1A123B518943}.Debug|x86.Deploy.0 = Debug|Any CPU
		{2ED6507F-5A74-44F2-95A6-1A123B518943}.Release|Any CPU.ActiveCfg = Release|Any CPU
		{2ED6507F-5A74-44F2-95A6-1A123B518943}.Release|Any CPU.Build.0 = Release|Any CPU
		{2ED6507F-5A74-44F2-95A6-1A123B518943}.Release|Any CPU.Deploy.0 = Release|Any CPU
		{2ED6507F-5A74-44F2-95A6-1A123B518943}.Release|ARM.ActiveCfg = Release|Any CPU
		{2ED6507F-5A74-44F2-95A6-1A123B518943}.Release|ARM.Build.0 = Release|Any CPU
		{2ED6507F-5A74-44F2-95A6-1A123B518943}.Release|ARM.Deploy.0 = Release|Any CPU
		{2ED6507F-5A74-44F2-95A6-1A123B518943}.Release|iPhone.ActiveCfg = Release|Any CPU
		{2ED6507F-5A74-44F2-95A6-1A123B518943}.Release|iPhone.Build.0 = Release|Any CPU
		{2ED6507F-5A74-44F2-95A6-1A123B518943}.Release|iPhone.Deploy.0 = Release|Any CPU
		{2ED6507F-5A74-44F2-95A6-1A123B518943}.Release|iPhoneSimulator.ActiveCfg = Release|Any CPU
		{2ED6507F-5A74-44F2-95A6-1A123B518943}.Release|iPhoneSimulator.Build.0 = Release|Any CPU
		{2ED6507F-5A74-44F2-95A6-1A123B518943}.Release|iPhoneSimulator.Deploy.0 = Release|Any CPU
		{2ED6507F-5A74-44F2-95A6-1A123B518943}.Release|x64.ActiveCfg = Release|Any CPU
		{2ED6507F-5A74-44F2-95A6-1A123B518943}.Release|x64.Build.0 = Release|Any CPU
		{2ED6507F-5A74-44F2-95A6-1A123B518943}.Release|x64.Deploy.0 = Release|Any CPU
		{2ED6507F-5A74-44F2-95A6-1A123B518943}.Release|x86.ActiveCfg = Release|Any CPU
		{2ED6507F-5A74-44F2-95A6-1A123B518943}.Release|x86.Build.0 = Release|Any CPU
		{2ED6507F-5A74-44F2-95A6-1A123B518943}.Release|x86.Deploy.0 = Release|Any CPU
		{F9865010-F4E3-4448-B7D7-9CFADF109C9E}.Ad-Hoc|Any CPU.ActiveCfg = Ad-Hoc|iPhone
		{F9865010-F4E3-4448-B7D7-9CFADF109C9E}.Ad-Hoc|ARM.ActiveCfg = Ad-Hoc|iPhoneSimulator
		{F9865010-F4E3-4448-B7D7-9CFADF109C9E}.Ad-Hoc|iPhone.ActiveCfg = Ad-Hoc|iPhone
		{F9865010-F4E3-4448-B7D7-9CFADF109C9E}.Ad-Hoc|iPhone.Build.0 = Ad-Hoc|iPhone
		{F9865010-F4E3-4448-B7D7-9CFADF109C9E}.Ad-Hoc|iPhoneSimulator.ActiveCfg = Ad-Hoc|iPhoneSimulator
		{F9865010-F4E3-4448-B7D7-9CFADF109C9E}.Ad-Hoc|iPhoneSimulator.Build.0 = Ad-Hoc|iPhoneSimulator
		{F9865010-F4E3-4448-B7D7-9CFADF109C9E}.Ad-Hoc|x64.ActiveCfg = Ad-Hoc|iPhoneSimulator
		{F9865010-F4E3-4448-B7D7-9CFADF109C9E}.Ad-Hoc|x86.ActiveCfg = Ad-Hoc|iPhoneSimulator
		{F9865010-F4E3-4448-B7D7-9CFADF109C9E}.AppStore|Any CPU.ActiveCfg = AppStore|iPhone
		{F9865010-F4E3-4448-B7D7-9CFADF109C9E}.AppStore|ARM.ActiveCfg = AppStore|iPhoneSimulator
		{F9865010-F4E3-4448-B7D7-9CFADF109C9E}.AppStore|iPhone.ActiveCfg = AppStore|iPhone
		{F9865010-F4E3-4448-B7D7-9CFADF109C9E}.AppStore|iPhone.Build.0 = AppStore|iPhone
		{F9865010-F4E3-4448-B7D7-9CFADF109C9E}.AppStore|iPhoneSimulator.ActiveCfg = AppStore|iPhoneSimulator
		{F9865010-F4E3-4448-B7D7-9CFADF109C9E}.AppStore|iPhoneSimulator.Build.0 = AppStore|iPhoneSimulator
		{F9865010-F4E3-4448-B7D7-9CFADF109C9E}.AppStore|x64.ActiveCfg = AppStore|iPhoneSimulator
		{F9865010-F4E3-4448-B7D7-9CFADF109C9E}.AppStore|x86.ActiveCfg = AppStore|iPhoneSimulator
		{F9865010-F4E3-4448-B7D7-9CFADF109C9E}.Debug|Any CPU.ActiveCfg = Debug|iPhone
		{F9865010-F4E3-4448-B7D7-9CFADF109C9E}.Debug|ARM.ActiveCfg = Debug|iPhoneSimulator
		{F9865010-F4E3-4448-B7D7-9CFADF109C9E}.Debug|iPhone.ActiveCfg = Debug|iPhone
		{F9865010-F4E3-4448-B7D7-9CFADF109C9E}.Debug|iPhone.Build.0 = Debug|iPhone
		{F9865010-F4E3-4448-B7D7-9CFADF109C9E}.Debug|iPhoneSimulator.ActiveCfg = Debug|iPhoneSimulator
		{F9865010-F4E3-4448-B7D7-9CFADF109C9E}.Debug|iPhoneSimulator.Build.0 = Debug|iPhoneSimulator
		{F9865010-F4E3-4448-B7D7-9CFADF109C9E}.Debug|x64.ActiveCfg = Debug|iPhoneSimulator
		{F9865010-F4E3-4448-B7D7-9CFADF109C9E}.Debug|x86.ActiveCfg = Debug|iPhoneSimulator
		{F9865010-F4E3-4448-B7D7-9CFADF109C9E}.Release|Any CPU.ActiveCfg = Release|iPhone
		{F9865010-F4E3-4448-B7D7-9CFADF109C9E}.Release|ARM.ActiveCfg = Release|iPhoneSimulator
		{F9865010-F4E3-4448-B7D7-9CFADF109C9E}.Release|iPhone.ActiveCfg = Release|iPhone
		{F9865010-F4E3-4448-B7D7-9CFADF109C9E}.Release|iPhone.Build.0 = Release|iPhone
		{F9865010-F4E3-4448-B7D7-9CFADF109C9E}.Release|iPhoneSimulator.ActiveCfg = Release|iPhoneSimulator
		{F9865010-F4E3-4448-B7D7-9CFADF109C9E}.Release|iPhoneSimulator.Build.0 = Release|iPhoneSimulator
		{F9865010-F4E3-4448-B7D7-9CFADF109C9E}.Release|x64.ActiveCfg = Release|iPhoneSimulator
		{F9865010-F4E3-4448-B7D7-9CFADF109C9E}.Release|x86.ActiveCfg = Release|iPhoneSimulator
		{DE2C5A29-C5F2-4D17-A5CF-C507F63C4992}.Ad-Hoc|Any CPU.ActiveCfg = Debug|Any CPU
		{DE2C5A29-C5F2-4D17-A5CF-C507F63C4992}.Ad-Hoc|Any CPU.Build.0 = Debug|Any CPU
		{DE2C5A29-C5F2-4D17-A5CF-C507F63C4992}.Ad-Hoc|ARM.ActiveCfg = Release|Any CPU
		{DE2C5A29-C5F2-4D17-A5CF-C507F63C4992}.Ad-Hoc|ARM.Build.0 = Release|Any CPU
		{DE2C5A29-C5F2-4D17-A5CF-C507F63C4992}.Ad-Hoc|iPhone.ActiveCfg = Debug|Any CPU
		{DE2C5A29-C5F2-4D17-A5CF-C507F63C4992}.Ad-Hoc|iPhone.Build.0 = Debug|Any CPU
		{DE2C5A29-C5F2-4D17-A5CF-C507F63C4992}.Ad-Hoc|iPhoneSimulator.ActiveCfg = Debug|Any CPU
		{DE2C5A29-C5F2-4D17-A5CF-C507F63C4992}.Ad-Hoc|iPhoneSimulator.Build.0 = Debug|Any CPU
		{DE2C5A29-C5F2-4D17-A5CF-C507F63C4992}.Ad-Hoc|x64.ActiveCfg = Release|Any CPU
		{DE2C5A29-C5F2-4D17-A5CF-C507F63C4992}.Ad-Hoc|x64.Build.0 = Release|Any CPU
		{DE2C5A29-C5F2-4D17-A5CF-C507F63C4992}.Ad-Hoc|x86.ActiveCfg = Release|Any CPU
		{DE2C5A29-C5F2-4D17-A5CF-C507F63C4992}.Ad-Hoc|x86.Build.0 = Release|Any CPU
		{DE2C5A29-C5F2-4D17-A5CF-C507F63C4992}.AppStore|Any CPU.ActiveCfg = Debug|Any CPU
		{DE2C5A29-C5F2-4D17-A5CF-C507F63C4992}.AppStore|Any CPU.Build.0 = Debug|Any CPU
		{DE2C5A29-C5F2-4D17-A5CF-C507F63C4992}.AppStore|ARM.ActiveCfg = Release|Any CPU
		{DE2C5A29-C5F2-4D17-A5CF-C507F63C4992}.AppStore|ARM.Build.0 = Release|Any CPU
		{DE2C5A29-C5F2-4D17-A5CF-C507F63C4992}.AppStore|iPhone.ActiveCfg = Debug|Any CPU
		{DE2C5A29-C5F2-4D17-A5CF-C507F63C4992}.AppStore|iPhone.Build.0 = Debug|Any CPU
		{DE2C5A29-C5F2-4D17-A5CF-C507F63C4992}.AppStore|iPhoneSimulator.ActiveCfg = Debug|Any CPU
		{DE2C5A29-C5F2-4D17-A5CF-C507F63C4992}.AppStore|iPhoneSimulator.Build.0 = Debug|Any CPU
		{DE2C5A29-C5F2-4D17-A5CF-C507F63C4992}.AppStore|x64.ActiveCfg = Release|Any CPU
		{DE2C5A29-C5F2-4D17-A5CF-C507F63C4992}.AppStore|x64.Build.0 = Release|Any CPU
		{DE2C5A29-C5F2-4D17-A5CF-C507F63C4992}.AppStore|x86.ActiveCfg = Release|Any CPU
		{DE2C5A29-C5F2-4D17-A5CF-C507F63C4992}.AppStore|x86.Build.0 = Release|Any CPU
		{DE2C5A29-C5F2-4D17-A5CF-C507F63C4992}.Debug|Any CPU.ActiveCfg = Debug|Any CPU
		{DE2C5A29-C5F2-4D17-A5CF-C507F63C4992}.Debug|Any CPU.Build.0 = Debug|Any CPU
		{DE2C5A29-C5F2-4D17-A5CF-C507F63C4992}.Debug|ARM.ActiveCfg = Debug|Any CPU
		{DE2C5A29-C5F2-4D17-A5CF-C507F63C4992}.Debug|ARM.Build.0 = Debug|Any CPU
		{DE2C5A29-C5F2-4D17-A5CF-C507F63C4992}.Debug|iPhone.ActiveCfg = Debug|Any CPU
		{DE2C5A29-C5F2-4D17-A5CF-C507F63C4992}.Debug|iPhone.Build.0 = Debug|Any CPU
		{DE2C5A29-C5F2-4D17-A5CF-C507F63C4992}.Debug|iPhoneSimulator.ActiveCfg = Debug|Any CPU
		{DE2C5A29-C5F2-4D17-A5CF-C507F63C4992}.Debug|iPhoneSimulator.Build.0 = Debug|Any CPU
		{DE2C5A29-C5F2-4D17-A5CF-C507F63C4992}.Debug|x64.ActiveCfg = Debug|Any CPU
		{DE2C5A29-C5F2-4D17-A5CF-C507F63C4992}.Debug|x64.Build.0 = Debug|Any CPU
		{DE2C5A29-C5F2-4D17-A5CF-C507F63C4992}.Debug|x86.ActiveCfg = Debug|Any CPU
		{DE2C5A29-C5F2-4D17-A5CF-C507F63C4992}.Debug|x86.Build.0 = Debug|Any CPU
		{DE2C5A29-C5F2-4D17-A5CF-C507F63C4992}.Release|Any CPU.ActiveCfg = Release|Any CPU
		{DE2C5A29-C5F2-4D17-A5CF-C507F63C4992}.Release|Any CPU.Build.0 = Release|Any CPU
		{DE2C5A29-C5F2-4D17-A5CF-C507F63C4992}.Release|ARM.ActiveCfg = Release|Any CPU
		{DE2C5A29-C5F2-4D17-A5CF-C507F63C4992}.Release|ARM.Build.0 = Release|Any CPU
		{DE2C5A29-C5F2-4D17-A5CF-C507F63C4992}.Release|iPhone.ActiveCfg = Release|Any CPU
		{DE2C5A29-C5F2-4D17-A5CF-C507F63C4992}.Release|iPhone.Build.0 = Release|Any CPU
		{DE2C5A29-C5F2-4D17-A5CF-C507F63C4992}.Release|iPhoneSimulator.ActiveCfg = Release|Any CPU
		{DE2C5A29-C5F2-4D17-A5CF-C507F63C4992}.Release|iPhoneSimulator.Build.0 = Release|Any CPU
		{DE2C5A29-C5F2-4D17-A5CF-C507F63C4992}.Release|x64.ActiveCfg = Release|Any CPU
		{DE2C5A29-C5F2-4D17-A5CF-C507F63C4992}.Release|x64.Build.0 = Release|Any CPU
		{DE2C5A29-C5F2-4D17-A5CF-C507F63C4992}.Release|x86.ActiveCfg = Release|Any CPU
		{DE2C5A29-C5F2-4D17-A5CF-C507F63C4992}.Release|x86.Build.0 = Release|Any CPU
		{A233C8B3-6AC8-4823-8839-3374721DB431}.Ad-Hoc|Any CPU.ActiveCfg = Release|x86
		{A233C8B3-6AC8-4823-8839-3374721DB431}.Ad-Hoc|Any CPU.Build.0 = Release|x86
		{A233C8B3-6AC8-4823-8839-3374721DB431}.Ad-Hoc|Any CPU.Deploy.0 = Release|x86
		{A233C8B3-6AC8-4823-8839-3374721DB431}.Ad-Hoc|ARM.ActiveCfg = Release|ARM
		{A233C8B3-6AC8-4823-8839-3374721DB431}.Ad-Hoc|ARM.Build.0 = Release|ARM
		{A233C8B3-6AC8-4823-8839-3374721DB431}.Ad-Hoc|ARM.Deploy.0 = Release|ARM
		{A233C8B3-6AC8-4823-8839-3374721DB431}.Ad-Hoc|iPhone.ActiveCfg = Release|x86
		{A233C8B3-6AC8-4823-8839-3374721DB431}.Ad-Hoc|iPhone.Build.0 = Release|x86
		{A233C8B3-6AC8-4823-8839-3374721DB431}.Ad-Hoc|iPhone.Deploy.0 = Release|x86
		{A233C8B3-6AC8-4823-8839-3374721DB431}.Ad-Hoc|iPhoneSimulator.ActiveCfg = Release|x86
		{A233C8B3-6AC8-4823-8839-3374721DB431}.Ad-Hoc|iPhoneSimulator.Build.0 = Release|x86
		{A233C8B3-6AC8-4823-8839-3374721DB431}.Ad-Hoc|iPhoneSimulator.Deploy.0 = Release|x86
		{A233C8B3-6AC8-4823-8839-3374721DB431}.Ad-Hoc|x64.ActiveCfg = Release|x64
		{A233C8B3-6AC8-4823-8839-3374721DB431}.Ad-Hoc|x64.Build.0 = Release|x64
		{A233C8B3-6AC8-4823-8839-3374721DB431}.Ad-Hoc|x64.Deploy.0 = Release|x64
		{A233C8B3-6AC8-4823-8839-3374721DB431}.Ad-Hoc|x86.ActiveCfg = Release|x86
		{A233C8B3-6AC8-4823-8839-3374721DB431}.Ad-Hoc|x86.Build.0 = Release|x86
		{A233C8B3-6AC8-4823-8839-3374721DB431}.Ad-Hoc|x86.Deploy.0 = Release|x86
		{A233C8B3-6AC8-4823-8839-3374721DB431}.AppStore|Any CPU.ActiveCfg = Release|x86
		{A233C8B3-6AC8-4823-8839-3374721DB431}.AppStore|Any CPU.Build.0 = Release|x86
		{A233C8B3-6AC8-4823-8839-3374721DB431}.AppStore|Any CPU.Deploy.0 = Release|x86
		{A233C8B3-6AC8-4823-8839-3374721DB431}.AppStore|ARM.ActiveCfg = Release|ARM
		{A233C8B3-6AC8-4823-8839-3374721DB431}.AppStore|ARM.Build.0 = Release|ARM
		{A233C8B3-6AC8-4823-8839-3374721DB431}.AppStore|ARM.Deploy.0 = Release|ARM
		{A233C8B3-6AC8-4823-8839-3374721DB431}.AppStore|iPhone.ActiveCfg = Release|x86
		{A233C8B3-6AC8-4823-8839-3374721DB431}.AppStore|iPhone.Build.0 = Release|x86
		{A233C8B3-6AC8-4823-8839-3374721DB431}.AppStore|iPhone.Deploy.0 = Release|x86
		{A233C8B3-6AC8-4823-8839-3374721DB431}.AppStore|iPhoneSimulator.ActiveCfg = Release|x86
		{A233C8B3-6AC8-4823-8839-3374721DB431}.AppStore|iPhoneSimulator.Build.0 = Release|x86
		{A233C8B3-6AC8-4823-8839-3374721DB431}.AppStore|iPhoneSimulator.Deploy.0 = Release|x86
		{A233C8B3-6AC8-4823-8839-3374721DB431}.AppStore|x64.ActiveCfg = Release|x64
		{A233C8B3-6AC8-4823-8839-3374721DB431}.AppStore|x64.Build.0 = Release|x64
		{A233C8B3-6AC8-4823-8839-3374721DB431}.AppStore|x64.Deploy.0 = Release|x64
		{A233C8B3-6AC8-4823-8839-3374721DB431}.AppStore|x86.ActiveCfg = Release|x86
		{A233C8B3-6AC8-4823-8839-3374721DB431}.AppStore|x86.Build.0 = Release|x86
		{A233C8B3-6AC8-4823-8839-3374721DB431}.AppStore|x86.Deploy.0 = Release|x86
		{A233C8B3-6AC8-4823-8839-3374721DB431}.Debug|Any CPU.ActiveCfg = Debug|x86
		{A233C8B3-6AC8-4823-8839-3374721DB431}.Debug|ARM.ActiveCfg = Debug|ARM
		{A233C8B3-6AC8-4823-8839-3374721DB431}.Debug|ARM.Build.0 = Debug|ARM
		{A233C8B3-6AC8-4823-8839-3374721DB431}.Debug|ARM.Deploy.0 = Debug|ARM
		{A233C8B3-6AC8-4823-8839-3374721DB431}.Debug|iPhone.ActiveCfg = Debug|x86
		{A233C8B3-6AC8-4823-8839-3374721DB431}.Debug|iPhoneSimulator.ActiveCfg = Debug|x86
		{A233C8B3-6AC8-4823-8839-3374721DB431}.Debug|x64.ActiveCfg = Debug|x64
		{A233C8B3-6AC8-4823-8839-3374721DB431}.Debug|x64.Build.0 = Debug|x64
		{A233C8B3-6AC8-4823-8839-3374721DB431}.Debug|x64.Deploy.0 = Debug|x64
		{A233C8B3-6AC8-4823-8839-3374721DB431}.Debug|x86.ActiveCfg = Debug|x86
		{A233C8B3-6AC8-4823-8839-3374721DB431}.Debug|x86.Build.0 = Debug|x86
		{A233C8B3-6AC8-4823-8839-3374721DB431}.Debug|x86.Deploy.0 = Debug|x86
		{A233C8B3-6AC8-4823-8839-3374721DB431}.Release|Any CPU.ActiveCfg = Release|x86
		{A233C8B3-6AC8-4823-8839-3374721DB431}.Release|ARM.ActiveCfg = Release|ARM
		{A233C8B3-6AC8-4823-8839-3374721DB431}.Release|ARM.Build.0 = Release|ARM
		{A233C8B3-6AC8-4823-8839-3374721DB431}.Release|ARM.Deploy.0 = Release|ARM
		{A233C8B3-6AC8-4823-8839-3374721DB431}.Release|iPhone.ActiveCfg = Release|x86
		{A233C8B3-6AC8-4823-8839-3374721DB431}.Release|iPhoneSimulator.ActiveCfg = Release|x86
		{A233C8B3-6AC8-4823-8839-3374721DB431}.Release|x64.ActiveCfg = Release|x64
		{A233C8B3-6AC8-4823-8839-3374721DB431}.Release|x64.Build.0 = Release|x64
		{A233C8B3-6AC8-4823-8839-3374721DB431}.Release|x64.Deploy.0 = Release|x64
		{A233C8B3-6AC8-4823-8839-3374721DB431}.Release|x86.ActiveCfg = Release|x86
		{A233C8B3-6AC8-4823-8839-3374721DB431}.Release|x86.Build.0 = Release|x86
		{A233C8B3-6AC8-4823-8839-3374721DB431}.Release|x86.Deploy.0 = Release|x86
		{50993EA3-D95F-40B6-BBCB-B1802CE350DB}.Ad-Hoc|Any CPU.ActiveCfg = Debug|Any CPU
		{50993EA3-D95F-40B6-BBCB-B1802CE350DB}.Ad-Hoc|Any CPU.Build.0 = Debug|Any CPU
		{50993EA3-D95F-40B6-BBCB-B1802CE350DB}.Ad-Hoc|ARM.ActiveCfg = Debug|Any CPU
		{50993EA3-D95F-40B6-BBCB-B1802CE350DB}.Ad-Hoc|ARM.Build.0 = Debug|Any CPU
		{50993EA3-D95F-40B6-BBCB-B1802CE350DB}.Ad-Hoc|iPhone.ActiveCfg = Debug|Any CPU
		{50993EA3-D95F-40B6-BBCB-B1802CE350DB}.Ad-Hoc|iPhone.Build.0 = Debug|Any CPU
		{50993EA3-D95F-40B6-BBCB-B1802CE350DB}.Ad-Hoc|iPhoneSimulator.ActiveCfg = Debug|Any CPU
		{50993EA3-D95F-40B6-BBCB-B1802CE350DB}.Ad-Hoc|iPhoneSimulator.Build.0 = Debug|Any CPU
		{50993EA3-D95F-40B6-BBCB-B1802CE350DB}.Ad-Hoc|x64.ActiveCfg = Debug|Any CPU
		{50993EA3-D95F-40B6-BBCB-B1802CE350DB}.Ad-Hoc|x64.Build.0 = Debug|Any CPU
		{50993EA3-D95F-40B6-BBCB-B1802CE350DB}.Ad-Hoc|x86.ActiveCfg = Debug|Any CPU
		{50993EA3-D95F-40B6-BBCB-B1802CE350DB}.Ad-Hoc|x86.Build.0 = Debug|Any CPU
		{50993EA3-D95F-40B6-BBCB-B1802CE350DB}.AppStore|Any CPU.ActiveCfg = Debug|Any CPU
		{50993EA3-D95F-40B6-BBCB-B1802CE350DB}.AppStore|Any CPU.Build.0 = Debug|Any CPU
		{50993EA3-D95F-40B6-BBCB-B1802CE350DB}.AppStore|ARM.ActiveCfg = Debug|Any CPU
		{50993EA3-D95F-40B6-BBCB-B1802CE350DB}.AppStore|ARM.Build.0 = Debug|Any CPU
		{50993EA3-D95F-40B6-BBCB-B1802CE350DB}.AppStore|iPhone.ActiveCfg = Debug|Any CPU
		{50993EA3-D95F-40B6-BBCB-B1802CE350DB}.AppStore|iPhone.Build.0 = Debug|Any CPU
		{50993EA3-D95F-40B6-BBCB-B1802CE350DB}.AppStore|iPhoneSimulator.ActiveCfg = Debug|Any CPU
		{50993EA3-D95F-40B6-BBCB-B1802CE350DB}.AppStore|iPhoneSimulator.Build.0 = Debug|Any CPU
		{50993EA3-D95F-40B6-BBCB-B1802CE350DB}.AppStore|x64.ActiveCfg = Debug|Any CPU
		{50993EA3-D95F-40B6-BBCB-B1802CE350DB}.AppStore|x64.Build.0 = Debug|Any CPU
		{50993EA3-D95F-40B6-BBCB-B1802CE350DB}.AppStore|x86.ActiveCfg = Debug|Any CPU
		{50993EA3-D95F-40B6-BBCB-B1802CE350DB}.AppStore|x86.Build.0 = Debug|Any CPU
		{50993EA3-D95F-40B6-BBCB-B1802CE350DB}.Debug|Any CPU.ActiveCfg = Debug|Any CPU
		{50993EA3-D95F-40B6-BBCB-B1802CE350DB}.Debug|Any CPU.Build.0 = Debug|Any CPU
		{50993EA3-D95F-40B6-BBCB-B1802CE350DB}.Debug|ARM.ActiveCfg = Debug|Any CPU
		{50993EA3-D95F-40B6-BBCB-B1802CE350DB}.Debug|ARM.Build.0 = Debug|Any CPU
		{50993EA3-D95F-40B6-BBCB-B1802CE350DB}.Debug|iPhone.ActiveCfg = Debug|Any CPU
		{50993EA3-D95F-40B6-BBCB-B1802CE350DB}.Debug|iPhone.Build.0 = Debug|Any CPU
		{50993EA3-D95F-40B6-BBCB-B1802CE350DB}.Debug|iPhoneSimulator.ActiveCfg = Debug|Any CPU
		{50993EA3-D95F-40B6-BBCB-B1802CE350DB}.Debug|iPhoneSimulator.Build.0 = Debug|Any CPU
		{50993EA3-D95F-40B6-BBCB-B1802CE350DB}.Debug|x64.ActiveCfg = Debug|Any CPU
		{50993EA3-D95F-40B6-BBCB-B1802CE350DB}.Debug|x64.Build.0 = Debug|Any CPU
		{50993EA3-D95F-40B6-BBCB-B1802CE350DB}.Debug|x86.ActiveCfg = Debug|Any CPU
		{50993EA3-D95F-40B6-BBCB-B1802CE350DB}.Debug|x86.Build.0 = Debug|Any CPU
		{50993EA3-D95F-40B6-BBCB-B1802CE350DB}.Release|Any CPU.ActiveCfg = Release|Any CPU
		{50993EA3-D95F-40B6-BBCB-B1802CE350DB}.Release|Any CPU.Build.0 = Release|Any CPU
		{50993EA3-D95F-40B6-BBCB-B1802CE350DB}.Release|ARM.ActiveCfg = Release|Any CPU
		{50993EA3-D95F-40B6-BBCB-B1802CE350DB}.Release|ARM.Build.0 = Release|Any CPU
		{50993EA3-D95F-40B6-BBCB-B1802CE350DB}.Release|iPhone.ActiveCfg = Release|Any CPU
		{50993EA3-D95F-40B6-BBCB-B1802CE350DB}.Release|iPhone.Build.0 = Release|Any CPU
		{50993EA3-D95F-40B6-BBCB-B1802CE350DB}.Release|iPhoneSimulator.ActiveCfg = Release|Any CPU
		{50993EA3-D95F-40B6-BBCB-B1802CE350DB}.Release|iPhoneSimulator.Build.0 = Release|Any CPU
		{50993EA3-D95F-40B6-BBCB-B1802CE350DB}.Release|x64.ActiveCfg = Release|Any CPU
		{50993EA3-D95F-40B6-BBCB-B1802CE350DB}.Release|x64.Build.0 = Release|Any CPU
		{50993EA3-D95F-40B6-BBCB-B1802CE350DB}.Release|x86.ActiveCfg = Release|Any CPU
		{50993EA3-D95F-40B6-BBCB-B1802CE350DB}.Release|x86.Build.0 = Release|Any CPU
		{2DDF718F-7ABC-4520-9D52-01CB1D77F5A8}.Ad-Hoc|Any CPU.ActiveCfg = Debug|Any CPU
		{2DDF718F-7ABC-4520-9D52-01CB1D77F5A8}.Ad-Hoc|Any CPU.Build.0 = Debug|Any CPU
		{2DDF718F-7ABC-4520-9D52-01CB1D77F5A8}.Ad-Hoc|ARM.ActiveCfg = Debug|Any CPU
		{2DDF718F-7ABC-4520-9D52-01CB1D77F5A8}.Ad-Hoc|ARM.Build.0 = Debug|Any CPU
		{2DDF718F-7ABC-4520-9D52-01CB1D77F5A8}.Ad-Hoc|iPhone.ActiveCfg = Debug|Any CPU
		{2DDF718F-7ABC-4520-9D52-01CB1D77F5A8}.Ad-Hoc|iPhone.Build.0 = Debug|Any CPU
		{2DDF718F-7ABC-4520-9D52-01CB1D77F5A8}.Ad-Hoc|iPhoneSimulator.ActiveCfg = Debug|Any CPU
		{2DDF718F-7ABC-4520-9D52-01CB1D77F5A8}.Ad-Hoc|iPhoneSimulator.Build.0 = Debug|Any CPU
		{2DDF718F-7ABC-4520-9D52-01CB1D77F5A8}.Ad-Hoc|x64.ActiveCfg = Debug|Any CPU
		{2DDF718F-7ABC-4520-9D52-01CB1D77F5A8}.Ad-Hoc|x64.Build.0 = Debug|Any CPU
		{2DDF718F-7ABC-4520-9D52-01CB1D77F5A8}.Ad-Hoc|x86.ActiveCfg = Debug|Any CPU
		{2DDF718F-7ABC-4520-9D52-01CB1D77F5A8}.Ad-Hoc|x86.Build.0 = Debug|Any CPU
		{2DDF718F-7ABC-4520-9D52-01CB1D77F5A8}.AppStore|Any CPU.ActiveCfg = Debug|Any CPU
		{2DDF718F-7ABC-4520-9D52-01CB1D77F5A8}.AppStore|Any CPU.Build.0 = Debug|Any CPU
		{2DDF718F-7ABC-4520-9D52-01CB1D77F5A8}.AppStore|ARM.ActiveCfg = Debug|Any CPU
		{2DDF718F-7ABC-4520-9D52-01CB1D77F5A8}.AppStore|ARM.Build.0 = Debug|Any CPU
		{2DDF718F-7ABC-4520-9D52-01CB1D77F5A8}.AppStore|iPhone.ActiveCfg = Debug|Any CPU
		{2DDF718F-7ABC-4520-9D52-01CB1D77F5A8}.AppStore|iPhone.Build.0 = Debug|Any CPU
		{2DDF718F-7ABC-4520-9D52-01CB1D77F5A8}.AppStore|iPhoneSimulator.ActiveCfg = Debug|Any CPU
		{2DDF718F-7ABC-4520-9D52-01CB1D77F5A8}.AppStore|iPhoneSimulator.Build.0 = Debug|Any CPU
		{2DDF718F-7ABC-4520-9D52-01CB1D77F5A8}.AppStore|x64.ActiveCfg = Debug|Any CPU
		{2DDF718F-7ABC-4520-9D52-01CB1D77F5A8}.AppStore|x64.Build.0 = Debug|Any CPU
		{2DDF718F-7ABC-4520-9D52-01CB1D77F5A8}.AppStore|x86.ActiveCfg = Debug|Any CPU
		{2DDF718F-7ABC-4520-9D52-01CB1D77F5A8}.AppStore|x86.Build.0 = Debug|Any CPU
		{2DDF718F-7ABC-4520-9D52-01CB1D77F5A8}.Debug|Any CPU.ActiveCfg = Debug|Any CPU
		{2DDF718F-7ABC-4520-9D52-01CB1D77F5A8}.Debug|Any CPU.Build.0 = Debug|Any CPU
		{2DDF718F-7ABC-4520-9D52-01CB1D77F5A8}.Debug|ARM.ActiveCfg = Debug|Any CPU
		{2DDF718F-7ABC-4520-9D52-01CB1D77F5A8}.Debug|ARM.Build.0 = Debug|Any CPU
		{2DDF718F-7ABC-4520-9D52-01CB1D77F5A8}.Debug|iPhone.ActiveCfg = Debug|Any CPU
		{2DDF718F-7ABC-4520-9D52-01CB1D77F5A8}.Debug|iPhone.Build.0 = Debug|Any CPU
		{2DDF718F-7ABC-4520-9D52-01CB1D77F5A8}.Debug|iPhoneSimulator.ActiveCfg = Debug|Any CPU
		{2DDF718F-7ABC-4520-9D52-01CB1D77F5A8}.Debug|iPhoneSimulator.Build.0 = Debug|Any CPU
		{2DDF718F-7ABC-4520-9D52-01CB1D77F5A8}.Debug|x64.ActiveCfg = Debug|Any CPU
		{2DDF718F-7ABC-4520-9D52-01CB1D77F5A8}.Debug|x64.Build.0 = Debug|Any CPU
		{2DDF718F-7ABC-4520-9D52-01CB1D77F5A8}.Debug|x86.ActiveCfg = Debug|Any CPU
		{2DDF718F-7ABC-4520-9D52-01CB1D77F5A8}.Debug|x86.Build.0 = Debug|Any CPU
		{2DDF718F-7ABC-4520-9D52-01CB1D77F5A8}.Release|Any CPU.ActiveCfg = Release|Any CPU
		{2DDF718F-7ABC-4520-9D52-01CB1D77F5A8}.Release|Any CPU.Build.0 = Release|Any CPU
		{2DDF718F-7ABC-4520-9D52-01CB1D77F5A8}.Release|ARM.ActiveCfg = Release|Any CPU
		{2DDF718F-7ABC-4520-9D52-01CB1D77F5A8}.Release|ARM.Build.0 = Release|Any CPU
		{2DDF718F-7ABC-4520-9D52-01CB1D77F5A8}.Release|iPhone.ActiveCfg = Release|Any CPU
		{2DDF718F-7ABC-4520-9D52-01CB1D77F5A8}.Release|iPhone.Build.0 = Release|Any CPU
		{2DDF718F-7ABC-4520-9D52-01CB1D77F5A8}.Release|iPhoneSimulator.ActiveCfg = Release|Any CPU
		{2DDF718F-7ABC-4520-9D52-01CB1D77F5A8}.Release|iPhoneSimulator.Build.0 = Release|Any CPU
		{2DDF718F-7ABC-4520-9D52-01CB1D77F5A8}.Release|x64.ActiveCfg = Release|Any CPU
		{2DDF718F-7ABC-4520-9D52-01CB1D77F5A8}.Release|x64.Build.0 = Release|Any CPU
		{2DDF718F-7ABC-4520-9D52-01CB1D77F5A8}.Release|x86.ActiveCfg = Release|Any CPU
		{2DDF718F-7ABC-4520-9D52-01CB1D77F5A8}.Release|x86.Build.0 = Release|Any CPU
		{01DA2B34-F533-47FA-B36E-352E4D8168EB}.Ad-Hoc|Any CPU.ActiveCfg = Debug|Any CPU
		{01DA2B34-F533-47FA-B36E-352E4D8168EB}.Ad-Hoc|Any CPU.Build.0 = Debug|Any CPU
		{01DA2B34-F533-47FA-B36E-352E4D8168EB}.Ad-Hoc|ARM.ActiveCfg = Debug|Any CPU
		{01DA2B34-F533-47FA-B36E-352E4D8168EB}.Ad-Hoc|ARM.Build.0 = Debug|Any CPU
		{01DA2B34-F533-47FA-B36E-352E4D8168EB}.Ad-Hoc|iPhone.ActiveCfg = Debug|Any CPU
		{01DA2B34-F533-47FA-B36E-352E4D8168EB}.Ad-Hoc|iPhone.Build.0 = Debug|Any CPU
		{01DA2B34-F533-47FA-B36E-352E4D8168EB}.Ad-Hoc|iPhoneSimulator.ActiveCfg = Debug|Any CPU
		{01DA2B34-F533-47FA-B36E-352E4D8168EB}.Ad-Hoc|iPhoneSimulator.Build.0 = Debug|Any CPU
		{01DA2B34-F533-47FA-B36E-352E4D8168EB}.Ad-Hoc|x64.ActiveCfg = Debug|Any CPU
		{01DA2B34-F533-47FA-B36E-352E4D8168EB}.Ad-Hoc|x64.Build.0 = Debug|Any CPU
		{01DA2B34-F533-47FA-B36E-352E4D8168EB}.Ad-Hoc|x86.ActiveCfg = Debug|Any CPU
		{01DA2B34-F533-47FA-B36E-352E4D8168EB}.Ad-Hoc|x86.Build.0 = Debug|Any CPU
		{01DA2B34-F533-47FA-B36E-352E4D8168EB}.AppStore|Any CPU.ActiveCfg = Debug|Any CPU
		{01DA2B34-F533-47FA-B36E-352E4D8168EB}.AppStore|Any CPU.Build.0 = Debug|Any CPU
		{01DA2B34-F533-47FA-B36E-352E4D8168EB}.AppStore|ARM.ActiveCfg = Debug|Any CPU
		{01DA2B34-F533-47FA-B36E-352E4D8168EB}.AppStore|ARM.Build.0 = Debug|Any CPU
		{01DA2B34-F533-47FA-B36E-352E4D8168EB}.AppStore|iPhone.ActiveCfg = Debug|Any CPU
		{01DA2B34-F533-47FA-B36E-352E4D8168EB}.AppStore|iPhone.Build.0 = Debug|Any CPU
		{01DA2B34-F533-47FA-B36E-352E4D8168EB}.AppStore|iPhoneSimulator.ActiveCfg = Debug|Any CPU
		{01DA2B34-F533-47FA-B36E-352E4D8168EB}.AppStore|iPhoneSimulator.Build.0 = Debug|Any CPU
		{01DA2B34-F533-47FA-B36E-352E4D8168EB}.AppStore|x64.ActiveCfg = Debug|Any CPU
		{01DA2B34-F533-47FA-B36E-352E4D8168EB}.AppStore|x64.Build.0 = Debug|Any CPU
		{01DA2B34-F533-47FA-B36E-352E4D8168EB}.AppStore|x86.ActiveCfg = Debug|Any CPU
		{01DA2B34-F533-47FA-B36E-352E4D8168EB}.AppStore|x86.Build.0 = Debug|Any CPU
		{01DA2B34-F533-47FA-B36E-352E4D8168EB}.Debug|Any CPU.ActiveCfg = Debug|Any CPU
		{01DA2B34-F533-47FA-B36E-352E4D8168EB}.Debug|Any CPU.Build.0 = Debug|Any CPU
		{01DA2B34-F533-47FA-B36E-352E4D8168EB}.Debug|ARM.ActiveCfg = Debug|Any CPU
		{01DA2B34-F533-47FA-B36E-352E4D8168EB}.Debug|ARM.Build.0 = Debug|Any CPU
		{01DA2B34-F533-47FA-B36E-352E4D8168EB}.Debug|iPhone.ActiveCfg = Debug|Any CPU
		{01DA2B34-F533-47FA-B36E-352E4D8168EB}.Debug|iPhone.Build.0 = Debug|Any CPU
		{01DA2B34-F533-47FA-B36E-352E4D8168EB}.Debug|iPhoneSimulator.ActiveCfg = Debug|Any CPU
		{01DA2B34-F533-47FA-B36E-352E4D8168EB}.Debug|iPhoneSimulator.Build.0 = Debug|Any CPU
		{01DA2B34-F533-47FA-B36E-352E4D8168EB}.Debug|x64.ActiveCfg = Debug|Any CPU
		{01DA2B34-F533-47FA-B36E-352E4D8168EB}.Debug|x64.Build.0 = Debug|Any CPU
		{01DA2B34-F533-47FA-B36E-352E4D8168EB}.Debug|x86.ActiveCfg = Debug|Any CPU
		{01DA2B34-F533-47FA-B36E-352E4D8168EB}.Debug|x86.Build.0 = Debug|Any CPU
		{01DA2B34-F533-47FA-B36E-352E4D8168EB}.Release|Any CPU.ActiveCfg = Release|Any CPU
		{01DA2B34-F533-47FA-B36E-352E4D8168EB}.Release|Any CPU.Build.0 = Release|Any CPU
		{01DA2B34-F533-47FA-B36E-352E4D8168EB}.Release|ARM.ActiveCfg = Release|Any CPU
		{01DA2B34-F533-47FA-B36E-352E4D8168EB}.Release|ARM.Build.0 = Release|Any CPU
		{01DA2B34-F533-47FA-B36E-352E4D8168EB}.Release|iPhone.ActiveCfg = Release|Any CPU
		{01DA2B34-F533-47FA-B36E-352E4D8168EB}.Release|iPhone.Build.0 = Release|Any CPU
		{01DA2B34-F533-47FA-B36E-352E4D8168EB}.Release|iPhoneSimulator.ActiveCfg = Release|Any CPU
		{01DA2B34-F533-47FA-B36E-352E4D8168EB}.Release|iPhoneSimulator.Build.0 = Release|Any CPU
		{01DA2B34-F533-47FA-B36E-352E4D8168EB}.Release|x64.ActiveCfg = Release|Any CPU
		{01DA2B34-F533-47FA-B36E-352E4D8168EB}.Release|x64.Build.0 = Release|Any CPU
		{01DA2B34-F533-47FA-B36E-352E4D8168EB}.Release|x86.ActiveCfg = Release|Any CPU
		{01DA2B34-F533-47FA-B36E-352E4D8168EB}.Release|x86.Build.0 = Release|Any CPU
		{3037C300-6AE2-4978-86E7-C2333CDC26DE}.Ad-Hoc|Any CPU.ActiveCfg = Debug|Any CPU
		{3037C300-6AE2-4978-86E7-C2333CDC26DE}.Ad-Hoc|Any CPU.Build.0 = Debug|Any CPU
		{3037C300-6AE2-4978-86E7-C2333CDC26DE}.Ad-Hoc|ARM.ActiveCfg = Debug|Any CPU
		{3037C300-6AE2-4978-86E7-C2333CDC26DE}.Ad-Hoc|ARM.Build.0 = Debug|Any CPU
		{3037C300-6AE2-4978-86E7-C2333CDC26DE}.Ad-Hoc|iPhone.ActiveCfg = Debug|Any CPU
		{3037C300-6AE2-4978-86E7-C2333CDC26DE}.Ad-Hoc|iPhone.Build.0 = Debug|Any CPU
		{3037C300-6AE2-4978-86E7-C2333CDC26DE}.Ad-Hoc|iPhoneSimulator.ActiveCfg = Debug|Any CPU
		{3037C300-6AE2-4978-86E7-C2333CDC26DE}.Ad-Hoc|iPhoneSimulator.Build.0 = Debug|Any CPU
		{3037C300-6AE2-4978-86E7-C2333CDC26DE}.Ad-Hoc|x64.ActiveCfg = Debug|Any CPU
		{3037C300-6AE2-4978-86E7-C2333CDC26DE}.Ad-Hoc|x64.Build.0 = Debug|Any CPU
		{3037C300-6AE2-4978-86E7-C2333CDC26DE}.Ad-Hoc|x86.ActiveCfg = Debug|Any CPU
		{3037C300-6AE2-4978-86E7-C2333CDC26DE}.Ad-Hoc|x86.Build.0 = Debug|Any CPU
		{3037C300-6AE2-4978-86E7-C2333CDC26DE}.AppStore|Any CPU.ActiveCfg = Debug|Any CPU
		{3037C300-6AE2-4978-86E7-C2333CDC26DE}.AppStore|Any CPU.Build.0 = Debug|Any CPU
		{3037C300-6AE2-4978-86E7-C2333CDC26DE}.AppStore|ARM.ActiveCfg = Debug|Any CPU
		{3037C300-6AE2-4978-86E7-C2333CDC26DE}.AppStore|ARM.Build.0 = Debug|Any CPU
		{3037C300-6AE2-4978-86E7-C2333CDC26DE}.AppStore|iPhone.ActiveCfg = Debug|Any CPU
		{3037C300-6AE2-4978-86E7-C2333CDC26DE}.AppStore|iPhone.Build.0 = Debug|Any CPU
		{3037C300-6AE2-4978-86E7-C2333CDC26DE}.AppStore|iPhoneSimulator.ActiveCfg = Debug|Any CPU
		{3037C300-6AE2-4978-86E7-C2333CDC26DE}.AppStore|iPhoneSimulator.Build.0 = Debug|Any CPU
		{3037C300-6AE2-4978-86E7-C2333CDC26DE}.AppStore|x64.ActiveCfg = Debug|Any CPU
		{3037C300-6AE2-4978-86E7-C2333CDC26DE}.AppStore|x64.Build.0 = Debug|Any CPU
		{3037C300-6AE2-4978-86E7-C2333CDC26DE}.AppStore|x86.ActiveCfg = Debug|Any CPU
		{3037C300-6AE2-4978-86E7-C2333CDC26DE}.AppStore|x86.Build.0 = Debug|Any CPU
		{3037C300-6AE2-4978-86E7-C2333CDC26DE}.Debug|Any CPU.ActiveCfg = Debug|Any CPU
		{3037C300-6AE2-4978-86E7-C2333CDC26DE}.Debug|Any CPU.Build.0 = Debug|Any CPU
		{3037C300-6AE2-4978-86E7-C2333CDC26DE}.Debug|ARM.ActiveCfg = Debug|Any CPU
		{3037C300-6AE2-4978-86E7-C2333CDC26DE}.Debug|ARM.Build.0 = Debug|Any CPU
		{3037C300-6AE2-4978-86E7-C2333CDC26DE}.Debug|iPhone.ActiveCfg = Debug|Any CPU
		{3037C300-6AE2-4978-86E7-C2333CDC26DE}.Debug|iPhone.Build.0 = Debug|Any CPU
		{3037C300-6AE2-4978-86E7-C2333CDC26DE}.Debug|iPhoneSimulator.ActiveCfg = Debug|Any CPU
		{3037C300-6AE2-4978-86E7-C2333CDC26DE}.Debug|iPhoneSimulator.Build.0 = Debug|Any CPU
		{3037C300-6AE2-4978-86E7-C2333CDC26DE}.Debug|x64.ActiveCfg = Debug|Any CPU
		{3037C300-6AE2-4978-86E7-C2333CDC26DE}.Debug|x64.Build.0 = Debug|Any CPU
		{3037C300-6AE2-4978-86E7-C2333CDC26DE}.Debug|x86.ActiveCfg = Debug|Any CPU
		{3037C300-6AE2-4978-86E7-C2333CDC26DE}.Debug|x86.Build.0 = Debug|Any CPU
		{3037C300-6AE2-4978-86E7-C2333CDC26DE}.Release|Any CPU.ActiveCfg = Release|Any CPU
		{3037C300-6AE2-4978-86E7-C2333CDC26DE}.Release|Any CPU.Build.0 = Release|Any CPU
		{3037C300-6AE2-4978-86E7-C2333CDC26DE}.Release|ARM.ActiveCfg = Release|Any CPU
		{3037C300-6AE2-4978-86E7-C2333CDC26DE}.Release|ARM.Build.0 = Release|Any CPU
		{3037C300-6AE2-4978-86E7-C2333CDC26DE}.Release|iPhone.ActiveCfg = Release|Any CPU
		{3037C300-6AE2-4978-86E7-C2333CDC26DE}.Release|iPhone.Build.0 = Release|Any CPU
		{3037C300-6AE2-4978-86E7-C2333CDC26DE}.Release|iPhoneSimulator.ActiveCfg = Release|Any CPU
		{3037C300-6AE2-4978-86E7-C2333CDC26DE}.Release|iPhoneSimulator.Build.0 = Release|Any CPU
		{3037C300-6AE2-4978-86E7-C2333CDC26DE}.Release|x64.ActiveCfg = Release|Any CPU
		{3037C300-6AE2-4978-86E7-C2333CDC26DE}.Release|x64.Build.0 = Release|Any CPU
		{3037C300-6AE2-4978-86E7-C2333CDC26DE}.Release|x86.ActiveCfg = Release|Any CPU
		{3037C300-6AE2-4978-86E7-C2333CDC26DE}.Release|x86.Build.0 = Release|Any CPU
	EndGlobalSection
	GlobalSection(SolutionProperties) = preSolution
		HideSolutionNode = FALSE
	EndGlobalSection
	GlobalSection(NestedProjects) = preSolution
		{01DA2B34-F533-47FA-B36E-352E4D8168EB} = {8D735BCB-7139-4689-B57D-00C7280C3D2B}
		{3037C300-6AE2-4978-86E7-C2333CDC26DE} = {8D735BCB-7139-4689-B57D-00C7280C3D2B}
	EndGlobalSection
	GlobalSection(ExtensibilityGlobals) = postSolution
		SolutionGuid = {4392E67F-7D83-4341-8887-C0B9D29C61C5}
	EndGlobalSection
EndGlobal
